
Microsoft Visual Studio Solution File, Format Version 12.00
# Visual Studio Version 17
VisualStudioVersion = 17.11.35431.28
MinimumVisualStudioVersion = 10.0.40219.1
Project("{FAE04EC0-301F-11D3-BF4B-00C04F79EFBC}") = "Ecommerce_API", "Ecommerce_API\Ecommerce_API.csproj", "{AF6EBEBC-4B9E-413C-AD55-901D20D9C983}"
EndProject
Project("{FAE04EC0-301F-11D3-BF4B-00C04F79EFBC}") = "Ecommerce_Core", "Ecommerce_Core\Ecommerce_Core.csproj", "{A481360A-F415-4FBB-AC16-571548374B80}"
EndProject
Project("{FAE04EC0-301F-11D3-BF4B-00C04F79EFBC}") = "Ecommerce_Infrastracture", "Ecommerce_Infrastracture\Ecommerce_Infrastracture.csproj", "{F7B3309D-5347-41E8-9365-1BC87D13219C}"
EndProject
Global
	GlobalSection(SolutionConfigurationPlatforms) = preSolution
		Debug|Any CPU = Debug|Any CPU
		Release|Any CPU = Release|Any CPU
	EndGlobalSection
	GlobalSection(ProjectConfigurationPlatforms) = postSolution
		{AF6EBEBC-4B9E-413C-AD55-901D20D9C983}.Debug|Any CPU.ActiveCfg = Debug|Any CPU
		{AF6EBEBC-4B9E-413C-AD55-901D20D9C983}.Debug|Any CPU.Build.0 = Debug|Any CPU
		{AF6EBEBC-4B9E-413C-AD55-901D20D9C983}.Release|Any CPU.ActiveCfg = Release|Any CPU
		{AF6EBEBC-4B9E-413C-AD55-901D20D9C983}.Release|Any CPU.Build.0 = Release|Any CPU
		{A481360A-F415-4FBB-AC16-571548374B80}.Debug|Any CPU.ActiveCfg = Debug|Any CPU
		{A481360A-F415-4FBB-AC16-571548374B80}.Debug|Any CPU.Build.0 = Debug|Any CPU
		{A481360A-F415-4FBB-AC16-571548374B80}.Release|Any CPU.ActiveCfg = Release|Any CPU
		{A481360A-F415-4FBB-AC16-571548374B80}.Release|Any CPU.Build.0 = Release|Any CPU
		{F7B3309D-5347-41E8-9365-1BC87D13219C}.Debug|Any CPU.ActiveCfg = Debug|Any CPU
		{F7B3309D-5347-41E8-9365-1BC87D13219C}.Debug|Any CPU.Build.0 = Debug|Any CPU
		{F7B3309D-5347-41E8-9365-1BC87D13219C}.Release|Any CPU.ActiveCfg = Release|Any CPU
		{F7B3309D-5347-41E8-9365-1BC87D13219C}.Release|Any CPU.Build.0 = Release|Any CPU
	EndGlobalSection
	GlobalSection(SolutionProperties) = preSolution
		HideSolutionNode = FALSE
	EndGlobalSection
	GlobalSection(ExtensibilityGlobals) = postSolution
		SolutionGuid = {45D87573-36DF-4312-BD96-BD5379037918}
	EndGlobalSection
EndGlobal
